
Microsoft Visual Studio Solution File, Format Version 12.00
# Visual Studio Version 16
VisualStudioVersion = 16.0.31624.102
MinimumVisualStudioVersion = 10.0.40219.1
Project("{9A19103F-16F7-4668-BE54-9A1E7A4F7556}") = "WebApi", "WebApi\WebApi.csproj", "{E18F24BC-0CAC-4329-9E5A-70A6056E1697}"
EndProject
Global
	GlobalSection(SolutionConfigurationPlatforms) = preSolution
		Debug|Any CPU = Debug|Any CPU
		Release|Any CPU = Release|Any CPU
	EndGlobalSection
	GlobalSection(ProjectConfigurationPlatforms) = postSolution
		{E18F24BC-0CAC-4329-9E5A-70A6056E1697}.Debug|Any CPU.ActiveCfg = Debug|Any CPU
		{E18F24BC-0CAC-4329-9E5A-70A6056E1697}.Debug|Any CPU.Build.0 = Debug|Any CPU
		{E18F24BC-0CAC-4329-9E5A-70A6056E1697}.Release|Any CPU.ActiveCfg = Release|Any CPU
		{E18F24BC-0CAC-4329-9E5A-70A6056E1697}.Release|Any CPU.Build.0 = Release|Any CPU
	EndGlobalSection
	GlobalSection(SolutionProperties) = preSolution
		HideSolutionNode = FALSE
	EndGlobalSection
	GlobalSection(ExtensibilityGlobals) = postSolution
		SolutionGuid = {AAA70883-F5F2-418B-8CC9-A9D8639399B4}
	EndGlobalSection
EndGlobal
